
Microsoft Visual Studio Solution File, Format Version 12.00
# Visual Studio Version 17
VisualStudioVersion = 17.5.33530.505
MinimumVisualStudioVersion = 10.0.40219.1
Project("{FAE04EC0-301F-11D3-BF4B-00C04F79EFBC}") = "InventoryManagement", "InventoryManagement\InventoryManagement.csproj", "{BE6C5CEE-0364-4468-8C58-A5F760356488}"
EndProject
Global
	GlobalSection(SolutionConfigurationPlatforms) = preSolution
		Debug|Any CPU = Debug|Any CPU
		Release|Any CPU = Release|Any CPU
	EndGlobalSection
	GlobalSection(ProjectConfigurationPlatforms) = postSolution
		{BE6C5CEE-0364-4468-8C58-A5F760356488}.Debug|Any CPU.ActiveCfg = Debug|Any CPU
		{BE6C5CEE-0364-4468-8C58-A5F760356488}.Debug|Any CPU.Build.0 = Debug|Any CPU
		{BE6C5CEE-0364-4468-8C58-A5F760356488}.Release|Any CPU.ActiveCfg = Release|Any CPU
		{BE6C5CEE-0364-4468-8C58-A5F760356488}.Release|Any CPU.Build.0 = Release|Any CPU
	EndGlobalSection
	GlobalSection(SolutionProperties) = preSolution
		HideSolutionNode = FALSE
	EndGlobalSection
	GlobalSection(ExtensibilityGlobals) = postSolution
		SolutionGuid = {60F87589-5430-4BE1-BDF3-950E63676E38}
	EndGlobalSection
EndGlobal
